
Microsoft Visual Studio Solution File, Format Version 12.00
# Visual Studio 14
VisualStudioVersion = 14.0.24720.0
MinimumVisualStudioVersion = 10.0.40219.1
Project("{FAE04EC0-301F-11D3-BF4B-00C04F79EFBC}") = "Quiron.LojaVirtual.Dominio", "Quiron.LojaVirtual.Dominio\Quiron.LojaVirtual.Dominio.csproj", "{569E21DE-DEB3-4BA5-9DDB-77FFFD9CD644}"
EndProject
Project("{FAE04EC0-301F-11D3-BF4B-00C04F79EFBC}") = "Quiron.LojaVirtual.Web", "Quiron.LojaVirtual.Web\Quiron.LojaVirtual.Web.csproj", "{BAC85BA5-A106-417A-BF9D-C15A149FEB04}"
EndProject
Project("{FAE04EC0-301F-11D3-BF4B-00C04F79EFBC}") = "Quiron.LojaVirtual.UnitTest", "Quiron.LojaVirtual.UnitTest\Quiron.LojaVirtual.UnitTest.csproj", "{26FD0073-7DC1-4C30-BF7E-FF6FEDB3599C}"
EndProject
Global
	GlobalSection(SolutionConfigurationPlatforms) = preSolution
		Debug|Any CPU = Debug|Any CPU
		Release|Any CPU = Release|Any CPU
	EndGlobalSection
	GlobalSection(ProjectConfigurationPlatforms) = postSolution
		{569E21DE-DEB3-4BA5-9DDB-77FFFD9CD644}.Debug|Any CPU.ActiveCfg = Debug|Any CPU
		{569E21DE-DEB3-4BA5-9DDB-77FFFD9CD644}.Debug|Any CPU.Build.0 = Debug|Any CPU
		{569E21DE-DEB3-4BA5-9DDB-77FFFD9CD644}.Release|Any CPU.ActiveCfg = Release|Any CPU
		{569E21DE-DEB3-4BA5-9DDB-77FFFD9CD644}.Release|Any CPU.Build.0 = Release|Any CPU
		{BAC85BA5-A106-417A-BF9D-C15A149FEB04}.Debug|Any CPU.ActiveCfg = Debug|Any CPU
		{BAC85BA5-A106-417A-BF9D-C15A149FEB04}.Debug|Any CPU.Build.0 = Debug|Any CPU
		{BAC85BA5-A106-417A-BF9D-C15A149FEB04}.Release|Any CPU.ActiveCfg = Release|Any CPU
		{BAC85BA5-A106-417A-BF9D-C15A149FEB04}.Release|Any CPU.Build.0 = Release|Any CPU
		{26FD0073-7DC1-4C30-BF7E-FF6FEDB3599C}.Debug|Any CPU.ActiveCfg = Debug|Any CPU
		{26FD0073-7DC1-4C30-BF7E-FF6FEDB3599C}.Debug|Any CPU.Build.0 = Debug|Any CPU
		{26FD0073-7DC1-4C30-BF7E-FF6FEDB3599C}.Release|Any CPU.ActiveCfg = Release|Any CPU
		{26FD0073-7DC1-4C30-BF7E-FF6FEDB3599C}.Release|Any CPU.Build.0 = Release|Any CPU
	EndGlobalSection
	GlobalSection(SolutionProperties) = preSolution
		HideSolutionNode = FALSE
	EndGlobalSection
EndGlobal
